// !$*UTF8*$!
{
	archiveVersion = 1;
	classes = {
	};
	objectVersion = 60;
	objects = {

/* Begin PBXBuildFile section */
		D33B277B29EE1BFA00CE0209 /* AppDelegate.swift in Sources */ = {isa = PBXBuildFile; fileRef = D33B277A29EE1BFA00CE0209 /* AppDelegate.swift */; };
		D33B277D29EE1BFA00CE0209 /* SceneDelegate.swift in Sources */ = {isa = PBXBuildFile; fileRef = D33B277C29EE1BFA00CE0209 /* SceneDelegate.swift */; };
		D33B277F29EE1BFA00CE0209 /* HomeViewController.swift in Sources */ = {isa = PBXBuildFile; fileRef = D33B277E29EE1BFA00CE0209 /* HomeViewController.swift */; };
		D33B278429EE1BFB00CE0209 /* Assets.xcassets in Resources */ = {isa = PBXBuildFile; fileRef = D33B278329EE1BFB00CE0209 /* Assets.xcassets */; };
		D33B278729EE1BFB00CE0209 /* LaunchScreen.storyboard in Resources */ = {isa = PBXBuildFile; fileRef = D33B278529EE1BFB00CE0209 /* LaunchScreen.storyboard */; };
		D35DE9752B312C30007198F0 /* APIConstants.swift in Sources */ = {isa = PBXBuildFile; fileRef = D35DE9742B312C30007198F0 /* APIConstants.swift */; };
		D35DE9772B33E84F007198F0 /* NetworkManager.swift in Sources */ = {isa = PBXBuildFile; fileRef = D35DE9762B33E84F007198F0 /* NetworkManager.swift */; };
		D35DE9792B3459D5007198F0 /* SearchView.swift in Sources */ = {isa = PBXBuildFile; fileRef = D35DE9782B3459D5007198F0 /* SearchView.swift */; };
		D3A6C5EE2AA83EB000CADA8F /* Rubik-Bold.ttf in Resources */ = {isa = PBXBuildFile; fileRef = D3A6C5EB2AA83EB000CADA8F /* Rubik-Bold.ttf */; };
		D3A6C5EF2AA83EB000CADA8F /* Rubik-Light.ttf in Resources */ = {isa = PBXBuildFile; fileRef = D3A6C5EC2AA83EB000CADA8F /* Rubik-Light.ttf */; };
		D3A6C5F02AA83EB000CADA8F /* Rubik-Regular.ttf in Resources */ = {isa = PBXBuildFile; fileRef = D3A6C5ED2AA83EB000CADA8F /* Rubik-Regular.ttf */; };
		D3A6C5F32AA8404400CADA8F /* Rubik-Italic.ttf in Resources */ = {isa = PBXBuildFile; fileRef = D3A6C5F12AA8404400CADA8F /* Rubik-Italic.ttf */; };
		D3A6C5F42AA8404400CADA8F /* Rubik-SemiBold.ttf in Resources */ = {isa = PBXBuildFile; fileRef = D3A6C5F22AA8404400CADA8F /* Rubik-SemiBold.ttf */; };
		D3A6C5FA2AAAAC1D00CADA8F /* WordContainerView.swift in Sources */ = {isa = PBXBuildFile; fileRef = D3A6C5F92AAAAC1D00CADA8F /* WordContainerView.swift */; };
		D3A6C5FC2AAAAD5000CADA8F /* RandomWordButton.swift in Sources */ = {isa = PBXBuildFile; fileRef = D3A6C5FB2AAAAD5000CADA8F /* RandomWordButton.swift */; };
		D3A6C5FE2AAAB81F00CADA8F /* Word.swift in Sources */ = {isa = PBXBuildFile; fileRef = D3A6C5FD2AAAB81F00CADA8F /* Word.swift */; };
		D3C2AD3C2B07128000716BC9 /* WordCollectionViewCell.swift in Sources */ = {isa = PBXBuildFile; fileRef = D3C2AD3B2B07128000716BC9 /* WordCollectionViewCell.swift */; };
		D3C2AD3E2B108E9600716BC9 /* WordDetailsViewController.swift in Sources */ = {isa = PBXBuildFile; fileRef = D3C2AD3D2B108E9600716BC9 /* WordDetailsViewController.swift */; };
		D3C2AD402B10920300716BC9 /* WordDetailsView.swift in Sources */ = {isa = PBXBuildFile; fileRef = D3C2AD3F2B10920300716BC9 /* WordDetailsView.swift */; };
/* End PBXBuildFile section */

/* Begin PBXFileReference section */
		D33B277729EE1BFA00CE0209 /* Werdd.app */ = {isa = PBXFileReference; explicitFileType = wrapper.application; includeInIndex = 0; path = Werdd.app; sourceTree = BUILT_PRODUCTS_DIR; };
		D33B277A29EE1BFA00CE0209 /* AppDelegate.swift */ = {isa = PBXFileReference; lastKnownFileType = sourcecode.swift; path = AppDelegate.swift; sourceTree = "<group>"; };
		D33B277C29EE1BFA00CE0209 /* SceneDelegate.swift */ = {isa = PBXFileReference; lastKnownFileType = sourcecode.swift; path = SceneDelegate.swift; sourceTree = "<group>"; };
		D33B277E29EE1BFA00CE0209 /* HomeViewController.swift */ = {isa = PBXFileReference; lastKnownFileType = sourcecode.swift; path = HomeViewController.swift; sourceTree = "<group>"; };
		D33B278329EE1BFB00CE0209 /* Assets.xcassets */ = {isa = PBXFileReference; lastKnownFileType = folder.assetcatalog; path = Assets.xcassets; sourceTree = "<group>"; };
		D33B278629EE1BFB00CE0209 /* Base */ = {isa = PBXFileReference; lastKnownFileType = file.storyboard; name = Base; path = Base.lproj/LaunchScreen.storyboard; sourceTree = "<group>"; };
		D33B278829EE1BFB00CE0209 /* Info.plist */ = {isa = PBXFileReference; lastKnownFileType = text.plist.xml; path = Info.plist; sourceTree = "<group>"; };
		D35DE9742B312C30007198F0 /* APIConstants.swift */ = {isa = PBXFileReference; lastKnownFileType = sourcecode.swift; path = APIConstants.swift; sourceTree = "<group>"; };
		D35DE9762B33E84F007198F0 /* NetworkManager.swift */ = {isa = PBXFileReference; lastKnownFileType = sourcecode.swift; path = NetworkManager.swift; sourceTree = "<group>"; };
		D35DE9782B3459D5007198F0 /* SearchView.swift */ = {isa = PBXFileReference; lastKnownFileType = sourcecode.swift; path = SearchView.swift; sourceTree = "<group>"; };
		D3A6C5EB2AA83EB000CADA8F /* Rubik-Bold.ttf */ = {isa = PBXFileReference; lastKnownFileType = file; name = "Rubik-Bold.ttf"; path = "../../../../../Downloads/Rubik/static/Rubik-Bold.ttf"; sourceTree = "<group>"; };
		D3A6C5EC2AA83EB000CADA8F /* Rubik-Light.ttf */ = {isa = PBXFileReference; lastKnownFileType = file; name = "Rubik-Light.ttf"; path = "../../../../../Downloads/Rubik/static/Rubik-Light.ttf"; sourceTree = "<group>"; };
		D3A6C5ED2AA83EB000CADA8F /* Rubik-Regular.ttf */ = {isa = PBXFileReference; lastKnownFileType = file; name = "Rubik-Regular.ttf"; path = "../../../../../Downloads/Rubik/static/Rubik-Regular.ttf"; sourceTree = "<group>"; };
		D3A6C5F12AA8404400CADA8F /* Rubik-Italic.ttf */ = {isa = PBXFileReference; lastKnownFileType = file; name = "Rubik-Italic.ttf"; path = "../../../../../Downloads/Rubik/static/Rubik-Italic.ttf"; sourceTree = "<group>"; };
		D3A6C5F22AA8404400CADA8F /* Rubik-SemiBold.ttf */ = {isa = PBXFileReference; lastKnownFileType = file; name = "Rubik-SemiBold.ttf"; path = "../../../../../Downloads/Rubik/static/Rubik-SemiBold.ttf"; sourceTree = "<group>"; };
		D3A6C5F92AAAAC1D00CADA8F /* WordContainerView.swift */ = {isa = PBXFileReference; lastKnownFileType = sourcecode.swift; path = WordContainerView.swift; sourceTree = "<group>"; };
		D3A6C5FB2AAAAD5000CADA8F /* RandomWordButton.swift */ = {isa = PBXFileReference; lastKnownFileType = sourcecode.swift; path = RandomWordButton.swift; sourceTree = "<group>"; };
		D3A6C5FD2AAAB81F00CADA8F /* Word.swift */ = {isa = PBXFileReference; lastKnownFileType = sourcecode.swift; path = Word.swift; sourceTree = "<group>"; };
		D3C2AD3B2B07128000716BC9 /* WordCollectionViewCell.swift */ = {isa = PBXFileReference; lastKnownFileType = sourcecode.swift; path = WordCollectionViewCell.swift; sourceTree = "<group>"; };
		D3C2AD3D2B108E9600716BC9 /* WordDetailsViewController.swift */ = {isa = PBXFileReference; lastKnownFileType = sourcecode.swift; path = WordDetailsViewController.swift; sourceTree = "<group>"; };
		D3C2AD3F2B10920300716BC9 /* WordDetailsView.swift */ = {isa = PBXFileReference; lastKnownFileType = sourcecode.swift; path = WordDetailsView.swift; sourceTree = "<group>"; };
/* End PBXFileReference section */

/* Begin PBXFrameworksBuildPhase section */
		D33B277429EE1BFA00CE0209 /* Frameworks */ = {
			isa = PBXFrameworksBuildPhase;
			buildActionMask = 2147483647;
			files = (
			);
			runOnlyForDeploymentPostprocessing = 0;
		};
/* End PBXFrameworksBuildPhase section */

/* Begin PBXGroup section */
		D33B276E29EE1BFA00CE0209 = {
			isa = PBXGroup;
			children = (
				D33B277929EE1BFA00CE0209 /* Werdd */,
				D33B277829EE1BFA00CE0209 /* Products */,
			);
			sourceTree = "<group>";
		};
		D33B277829EE1BFA00CE0209 /* Products */ = {
			isa = PBXGroup;
			children = (
				D33B277729EE1BFA00CE0209 /* Werdd.app */,
			);
			name = Products;
			sourceTree = "<group>";
		};
		D33B277929EE1BFA00CE0209 /* Werdd */ = {
			isa = PBXGroup;
			children = (
				D3A6C5EA2AA83E2300CADA8F /* Rubik */,
				D3C2AD342B070F0500716BC9 /* Models */,
				D3C2AD362B070F4600716BC9 /* Views */,
				D3C2AD352B070F2900716BC9 /* Controllers */,
				D33B277A29EE1BFA00CE0209 /* AppDelegate.swift */,
				D35DE9742B312C30007198F0 /* APIConstants.swift */,
				D35DE9762B33E84F007198F0 /* NetworkManager.swift */,
				D33B277C29EE1BFA00CE0209 /* SceneDelegate.swift */,
				D33B278329EE1BFB00CE0209 /* Assets.xcassets */,
				D33B278529EE1BFB00CE0209 /* LaunchScreen.storyboard */,
				D33B278829EE1BFB00CE0209 /* Info.plist */,
			);
			path = Werdd;
			sourceTree = "<group>";
		};
		D3A6C5EA2AA83E2300CADA8F /* Rubik */ = {
			isa = PBXGroup;
			children = (
				D3A6C5F12AA8404400CADA8F /* Rubik-Italic.ttf */,
				D3A6C5F22AA8404400CADA8F /* Rubik-SemiBold.ttf */,
				D3A6C5EB2AA83EB000CADA8F /* Rubik-Bold.ttf */,
				D3A6C5EC2AA83EB000CADA8F /* Rubik-Light.ttf */,
				D3A6C5ED2AA83EB000CADA8F /* Rubik-Regular.ttf */,
			);
			path = Rubik;
			sourceTree = "<group>";
		};
		D3C2AD342B070F0500716BC9 /* Models */ = {
			isa = PBXGroup;
			children = (
				D3A6C5FD2AAAB81F00CADA8F /* Word.swift */,
			);
			path = Models;
			sourceTree = "<group>";
		};
		D3C2AD352B070F2900716BC9 /* Controllers */ = {
			isa = PBXGroup;
			children = (
				D33B277E29EE1BFA00CE0209 /* HomeViewController.swift */,
				D3C2AD3D2B108E9600716BC9 /* WordDetailsViewController.swift */,
			);
			path = Controllers;
			sourceTree = "<group>";
		};
		D3C2AD362B070F4600716BC9 /* Views */ = {
			isa = PBXGroup;
			children = (
				D3A6C5FB2AAAAD5000CADA8F /* RandomWordButton.swift */,
				D3A6C5F92AAAAC1D00CADA8F /* WordContainerView.swift */,
				D3C2AD3B2B07128000716BC9 /* WordCollectionViewCell.swift */,
				D3C2AD3F2B10920300716BC9 /* WordDetailsView.swift */,
				D35DE9782B3459D5007198F0 /* SearchView.swift */,
			);
			path = Views;
			sourceTree = "<group>";
		};
/* End PBXGroup section */

/* Begin PBXNativeTarget section */
		D33B277629EE1BFA00CE0209 /* Werdd */ = {
			isa = PBXNativeTarget;
			buildConfigurationList = D33B278B29EE1BFB00CE0209 /* Build configuration list for PBXNativeTarget "Werdd" */;
			buildPhases = (
				D33B277329EE1BFA00CE0209 /* Sources */,
				D33B277429EE1BFA00CE0209 /* Frameworks */,
				D33B277529EE1BFA00CE0209 /* Resources */,
			);
			buildRules = (
			);
			dependencies = (
			);
			name = Werdd;
			productName = Werdd;
			productReference = D33B277729EE1BFA00CE0209 /* Werdd.app */;
			productType = "com.apple.product-type.application";
		};
/* End PBXNativeTarget section */

/* Begin PBXProject section */
		D33B276F29EE1BFA00CE0209 /* Project object */ = {
			isa = PBXProject;
			attributes = {
				BuildIndependentTargetsInParallel = 1;
				LastSwiftUpdateCheck = 1420;
				LastUpgradeCheck = 1500;
				TargetAttributes = {
					D33B277629EE1BFA00CE0209 = {
						CreatedOnToolsVersion = 14.2;
					};
				};
			};
			buildConfigurationList = D33B277229EE1BFA00CE0209 /* Build configuration list for PBXProject "Werdd" */;
			compatibilityVersion = "Xcode 15.0";
			developmentRegion = en;
			hasScannedForEncodings = 0;
			knownRegions = (
				en,
				Base,
			);
			mainGroup = D33B276E29EE1BFA00CE0209;
			productRefGroup = D33B277829EE1BFA00CE0209 /* Products */;
			projectDirPath = "";
			projectRoot = "";
			targets = (
				D33B277629EE1BFA00CE0209 /* Werdd */,
			);
		};
/* End PBXProject section */

/* Begin PBXResourcesBuildPhase section */
		D33B277529EE1BFA00CE0209 /* Resources */ = {
			isa = PBXResourcesBuildPhase;
			buildActionMask = 2147483647;
			files = (
				D33B278729EE1BFB00CE0209 /* LaunchScreen.storyboard in Resources */,
				D3A6C5EF2AA83EB000CADA8F /* Rubik-Light.ttf in Resources */,
				D3A6C5F32AA8404400CADA8F /* Rubik-Italic.ttf in Resources */,
				D3A6C5EE2AA83EB000CADA8F /* Rubik-Bold.ttf in Resources */,
				D3A6C5F02AA83EB000CADA8F /* Rubik-Regular.ttf in Resources */,
				D33B278429EE1BFB00CE0209 /* Assets.xcassets in Resources */,
				D3A6C5F42AA8404400CADA8F /* Rubik-SemiBold.ttf in Resources */,
			);
			runOnlyForDeploymentPostprocessing = 0;
		};
/* End PBXResourcesBuildPhase section */

/* Begin PBXSourcesBuildPhase section */
		D33B277329EE1BFA00CE0209 /* Sources */ = {
			isa = PBXSourcesBuildPhase;
			buildActionMask = 2147483647;
			files = (
				D35DE9772B33E84F007198F0 /* NetworkManager.swift in Sources */,
				D3A6C5FA2AAAAC1D00CADA8F /* WordContainerView.swift in Sources */,
				D35DE9752B312C30007198F0 /* APIConstants.swift in Sources */,
				D3A6C5FC2AAAAD5000CADA8F /* RandomWordButton.swift in Sources */,
				D35DE9792B3459D5007198F0 /* SearchView.swift in Sources */,
				D33B277F29EE1BFA00CE0209 /* HomeViewController.swift in Sources */,
				D3C2AD3C2B07128000716BC9 /* WordCollectionViewCell.swift in Sources */,
				D33B277B29EE1BFA00CE0209 /* AppDelegate.swift in Sources */,
				D33B277D29EE1BFA00CE0209 /* SceneDelegate.swift in Sources */,
				D3A6C5FE2AAAB81F00CADA8F /* Word.swift in Sources */,
				D3C2AD3E2B108E9600716BC9 /* WordDetailsViewController.swift in Sources */,
				D3C2AD402B10920300716BC9 /* WordDetailsView.swift in Sources */,
			);
			runOnlyForDeploymentPostprocessing = 0;
		};
/* End PBXSourcesBuildPhase section */

/* Begin PBXVariantGroup section */
		D33B278529EE1BFB00CE0209 /* LaunchScreen.storyboard */ = {
			isa = PBXVariantGroup;
			children = (
				D33B278629EE1BFB00CE0209 /* Base */,
			);
			name = LaunchScreen.storyboard;
			sourceTree = "<group>";
		};
/* End PBXVariantGroup section */

/* Begin XCBuildConfiguration section */
		D33B278929EE1BFB00CE0209 /* Debug */ = {
			isa = XCBuildConfiguration;
			buildSettings = {
				ALWAYS_SEARCH_USER_PATHS = NO;
				ASSETCATALOG_COMPILER_GENERATE_SWIFT_ASSET_SYMBOL_EXTENSIONS = YES;
				CLANG_ANALYZER_NONNULL = YES;
				CLANG_ANALYZER_NUMBER_OBJECT_CONVERSION = YES_AGGRESSIVE;
				CLANG_CXX_LANGUAGE_STANDARD = "gnu++20";
				CLANG_ENABLE_MODULES = YES;
				CLANG_ENABLE_OBJC_ARC = YES;
				CLANG_ENABLE_OBJC_WEAK = YES;
				CLANG_WARN_BLOCK_CAPTURE_AUTORELEASING = YES;
				CLANG_WARN_BOOL_CONVERSION = YES;
				CLANG_WARN_COMMA = YES;
				CLANG_WARN_CONSTANT_CONVERSION = YES;
				CLANG_WARN_DEPRECATED_OBJC_IMPLEMENTATIONS = YES;
				CLANG_WARN_DIRECT_OBJC_ISA_USAGE = YES_ERROR;
				CLANG_WARN_DOCUMENTATION_COMMENTS = YES;
				CLANG_WARN_EMPTY_BODY = YES;
				CLANG_WARN_ENUM_CONVERSION = YES;
				CLANG_WARN_INFINITE_RECURSION = YES;
				CLANG_WARN_INT_CONVERSION = YES;
				CLANG_WARN_NON_LITERAL_NULL_CONVERSION = YES;
				CLANG_WARN_OBJC_IMPLICIT_RETAIN_SELF = YES;
				CLANG_WARN_OBJC_LITERAL_CONVERSION = YES;
				CLANG_WARN_OBJC_ROOT_CLASS = YES_ERROR;
				CLANG_WARN_QUOTED_INCLUDE_IN_FRAMEWORK_HEADER = YES;
				CLANG_WARN_RANGE_LOOP_ANALYSIS = YES;
				CLANG_WARN_STRICT_PROTOTYPES = YES;
				CLANG_WARN_SUSPICIOUS_MOVE = YES;
				CLANG_WARN_UNGUARDED_AVAILABILITY = YES_AGGRESSIVE;
				CLANG_WARN_UNREACHABLE_CODE = YES;
				CLANG_WARN__DUPLICATE_METHOD_MATCH = YES;
				COPY_PHASE_STRIP = NO;
				DEBUG_INFORMATION_FORMAT = dwarf;
				ENABLE_STRICT_OBJC_MSGSEND = YES;
				ENABLE_TESTABILITY = YES;
				ENABLE_USER_SCRIPT_SANDBOXING = YES;
				GCC_C_LANGUAGE_STANDARD = gnu11;
				GCC_DYNAMIC_NO_PIC = NO;
				GCC_NO_COMMON_BLOCKS = YES;
				GCC_OPTIMIZATION_LEVEL = 0;
				GCC_PREPROCESSOR_DEFINITIONS = (
					"DEBUG=1",
					"$(inherited)",
				);
				GCC_WARN_64_TO_32_BIT_CONVERSION = YES;
				GCC_WARN_ABOUT_RETURN_TYPE = YES_ERROR;
				GCC_WARN_UNDECLARED_SELECTOR = YES;
				GCC_WARN_UNINITIALIZED_AUTOS = YES_AGGRESSIVE;
				GCC_WARN_UNUSED_FUNCTION = YES;
				GCC_WARN_UNUSED_VARIABLE = YES;
				IPHONEOS_DEPLOYMENT_TARGET = 16.2;
				MTL_ENABLE_DEBUG_INFO = INCLUDE_SOURCE;
				MTL_FAST_MATH = YES;
				ONLY_ACTIVE_ARCH = YES;
				SDKROOT = iphoneos;
				SWIFT_ACTIVE_COMPILATION_CONDITIONS = DEBUG;
				SWIFT_OPTIMIZATION_LEVEL = "-Onone";
			};
			name = Debug;
		};
		D33B278A29EE1BFB00CE0209 /* Release */ = {
			isa = XCBuildConfiguration;
			buildSettings = {
				ALWAYS_SEARCH_USER_PATHS = NO;
				ASSETCATALOG_COMPILER_GENERATE_SWIFT_ASSET_SYMBOL_EXTENSIONS = YES;
				CLANG_ANALYZER_NONNULL = YES;
				CLANG_ANALYZER_NUMBER_OBJECT_CONVERSION = YES_AGGRESSIVE;
				CLANG_CXX_LANGUAGE_STANDARD = "gnu++20";
				CLANG_ENABLE_MODULES = YES;
				CLANG_ENABLE_OBJC_ARC = YES;
				CLANG_ENABLE_OBJC_WEAK = YES;
				CLANG_WARN_BLOCK_CAPTURE_AUTORELEASING = YES;
				CLANG_WARN_BOOL_CONVERSION = YES;
				CLANG_WARN_COMMA = YES;
				CLANG_WARN_CONSTANT_CONVERSION = YES;
				CLANG_WARN_DEPRECATED_OBJC_IMPLEMENTATIONS = YES;
				CLANG_WARN_DIRECT_OBJC_ISA_USAGE = YES_ERROR;
				CLANG_WARN_DOCUMENTATION_COMMENTS = YES;
				CLANG_WARN_EMPTY_BODY = YES;
				CLANG_WARN_ENUM_CONVERSION = YES;
				CLANG_WARN_INFINITE_RECURSION = YES;
				CLANG_WARN_INT_CONVERSION = YES;
				CLANG_WARN_NON_LITERAL_NULL_CONVERSION = YES;
				CLANG_WARN_OBJC_IMPLICIT_RETAIN_SELF = YES;
				CLANG_WARN_OBJC_LITERAL_CONVERSION = YES;
				CLANG_WARN_OBJC_ROOT_CLASS = YES_ERROR;
				CLANG_WARN_QUOTED_INCLUDE_IN_FRAMEWORK_HEADER = YES;
				CLANG_WARN_RANGE_LOOP_ANALYSIS = YES;
				CLANG_WARN_STRICT_PROTOTYPES = YES;
				CLANG_WARN_SUSPICIOUS_MOVE = YES;
				CLANG_WARN_UNGUARDED_AVAILABILITY = YES_AGGRESSIVE;
				CLANG_WARN_UNREACHABLE_CODE = YES;
				CLANG_WARN__DUPLICATE_METHOD_MATCH = YES;
				COPY_PHASE_STRIP = NO;
				DEBUG_INFORMATION_FORMAT = "dwarf-with-dsym";
				ENABLE_NS_ASSERTIONS = NO;
				ENABLE_STRICT_OBJC_MSGSEND = YES;
				ENABLE_USER_SCRIPT_SANDBOXING = YES;
				GCC_C_LANGUAGE_STANDARD = gnu11;
				GCC_NO_COMMON_BLOCKS = YES;
				GCC_WARN_64_TO_32_BIT_CONVERSION = YES;
				GCC_WARN_ABOUT_RETURN_TYPE = YES_ERROR;
				GCC_WARN_UNDECLARED_SELECTOR = YES;
				GCC_WARN_UNINITIALIZED_AUTOS = YES_AGGRESSIVE;
				GCC_WARN_UNUSED_FUNCTION = YES;
				GCC_WARN_UNUSED_VARIABLE = YES;
				IPHONEOS_DEPLOYMENT_TARGET = 16.2;
				MTL_ENABLE_DEBUG_INFO = NO;
				MTL_FAST_MATH = YES;
				SDKROOT = iphoneos;
				SWIFT_COMPILATION_MODE = wholemodule;
				SWIFT_OPTIMIZATION_LEVEL = "-O";
				VALIDATE_PRODUCT = YES;
			};
			name = Release;
		};
		D33B278C29EE1BFB00CE0209 /* Debug */ = {
			isa = XCBuildConfiguration;
			buildSettings = {
				ASSETCATALOG_COMPILER_APPICON_NAME = AppIcon;
				ASSETCATALOG_COMPILER_GLOBAL_ACCENT_COLOR_NAME = AccentColor;
				CODE_SIGN_STYLE = Automatic;
				CURRENT_PROJECT_VERSION = 1;
				DEVELOPMENT_TEAM = CTTC746J2F;
				GENERATE_INFOPLIST_FILE = YES;
				INFOPLIST_FILE = Werdd/Info.plist;
				INFOPLIST_KEY_UIApplicationSupportsIndirectInputEvents = YES;
				INFOPLIST_KEY_UILaunchStoryboardName = LaunchScreen;
				INFOPLIST_KEY_UIStatusBarStyle = "";
				INFOPLIST_KEY_UISupportedInterfaceOrientations_iPad = "UIInterfaceOrientationPortrait UIInterfaceOrientationPortraitUpsideDown UIInterfaceOrientationLandscapeLeft UIInterfaceOrientationLandscapeRight";
				INFOPLIST_KEY_UISupportedInterfaceOrientations_iPhone = "UIInterfaceOrientationPortrait UIInterfaceOrientationLandscapeLeft UIInterfaceOrientationLandscapeRight";
				IPHONEOS_DEPLOYMENT_TARGET = 16.2;
				LD_RUNPATH_SEARCH_PATHS = (
					"$(inherited)",
					"@executable_path/Frameworks",
				);
				MARKETING_VERSION = 1.0;
				PRODUCT_BUNDLE_IDENTIFIER = com.ccforbes.Werdd;
				PRODUCT_NAME = "$(TARGET_NAME)";
				SWIFT_EMIT_LOC_STRINGS = YES;
				SWIFT_VERSION = 5.0;
				TARGETED_DEVICE_FAMILY = "1,2";
			};
			name = Debug;
		};
		D33B278D29EE1BFB00CE0209 /* Release */ = {
			isa = XCBuildConfiguration;
			buildSettings = {
				ASSETCATALOG_COMPILER_APPICON_NAME = AppIcon;
				ASSETCATALOG_COMPILER_GLOBAL_ACCENT_COLOR_NAME = AccentColor;
				CODE_SIGN_STYLE = Automatic;
				CURRENT_PROJECT_VERSION = 1;
				DEVELOPMENT_TEAM = CTTC746J2F;
				GENERATE_INFOPLIST_FILE = YES;
				INFOPLIST_FILE = Werdd/Info.plist;
				INFOPLIST_KEY_UIApplicationSupportsIndirectInputEvents = YES;
				INFOPLIST_KEY_UILaunchStoryboardName = LaunchScreen;
				INFOPLIST_KEY_UIStatusBarStyle = "";
				INFOPLIST_KEY_UISupportedInterfaceOrientations_iPad = "UIInterfaceOrientationPortrait UIInterfaceOrientationPortraitUpsideDown UIInterfaceOrientationLandscapeLeft UIInterfaceOrientationLandscapeRight";
				INFOPLIST_KEY_UISupportedInterfaceOrientations_iPhone = "UIInterfaceOrientationPortrait UIInterfaceOrientationLandscapeLeft UIInterfaceOrientationLandscapeRight";
				IPHONEOS_DEPLOYMENT_TARGET = 16.2;
				LD_RUNPATH_SEARCH_PATHS = (
					"$(inherited)",
					"@executable_path/Frameworks",
				);
				MARKETING_VERSION = 1.0;
				PRODUCT_BUNDLE_IDENTIFIER = com.ccforbes.Werdd;
				PRODUCT_NAME = "$(TARGET_NAME)";
				SWIFT_EMIT_LOC_STRINGS = YES;
				SWIFT_VERSION = 5.0;
				TARGETED_DEVICE_FAMILY = "1,2";
			};
			name = Release;
		};
/* End XCBuildConfiguration section */

/* Begin XCConfigurationList section */
		D33B277229EE1BFA00CE0209 /* Build configuration list for PBXProject "Werdd" */ = {
			isa = XCConfigurationList;
			buildConfigurations = (
				D33B278929EE1BFB00CE0209 /* Debug */,
				D33B278A29EE1BFB00CE0209 /* Release */,
			);
			defaultConfigurationIsVisible = 0;
			defaultConfigurationName = Release;
		};
		D33B278B29EE1BFB00CE0209 /* Build configuration list for PBXNativeTarget "Werdd" */ = {
			isa = XCConfigurationList;
			buildConfigurations = (
				D33B278C29EE1BFB00CE0209 /* Debug */,
				D33B278D29EE1BFB00CE0209 /* Release */,
			);
			defaultConfigurationIsVisible = 0;
			defaultConfigurationName = Release;
		};
/* End XCConfigurationList section */
	};
	rootObject = D33B276F29EE1BFA00CE0209 /* Project object */;
}
